
Microsoft Visual Studio Solution File, Format Version 12.00
# Visual Studio 15
VisualStudioVersion = 15.0.28010.2003
MinimumVisualStudioVersion = 10.0.40219.1
Project("{9A19103F-16F7-4668-BE54-9A1E7A4F7556}") = "MyToolSpecification", "MyToolSpecification\MyToolSpecification.csproj", "{0B637D9E-E458-4604-88C6-FD16F454F1F6}"
EndProject
Project("{9A19103F-16F7-4668-BE54-9A1E7A4F7556}") = "CakePlugin", "CakePlugin\CakePlugin.csproj", "{D4A061CB-D703-4D28-81D0-C46870D1F0BF}"
EndProject
Project("{9A19103F-16F7-4668-BE54-9A1E7A4F7556}") = "NScanRoot", "Root\NScanRoot.csproj", "{D38C98B2-AA06-4EAE-8CD8-7D03F1DA9C71}"
EndProject
Project("{FAE04EC0-301F-11D3-BF4B-00C04F79EFBC}") = "NScan.Console", "NScan.Console\NScan.Console.csproj", "{E6DCC965-1BA4-4024-A59F-78CF98AE7085}"
EndProject
Global
	GlobalSection(SolutionConfigurationPlatforms) = preSolution
		Debug|Any CPU = Debug|Any CPU
		Release|Any CPU = Release|Any CPU
	EndGlobalSection
	GlobalSection(ProjectConfigurationPlatforms) = postSolution
		{0B637D9E-E458-4604-88C6-FD16F454F1F6}.Debug|Any CPU.ActiveCfg = Debug|Any CPU
		{0B637D9E-E458-4604-88C6-FD16F454F1F6}.Debug|Any CPU.Build.0 = Debug|Any CPU
		{0B637D9E-E458-4604-88C6-FD16F454F1F6}.Release|Any CPU.ActiveCfg = Release|Any CPU
		{0B637D9E-E458-4604-88C6-FD16F454F1F6}.Release|Any CPU.Build.0 = Release|Any CPU
		{D4A061CB-D703-4D28-81D0-C46870D1F0BF}.Debug|Any CPU.ActiveCfg = Debug|Any CPU
		{D4A061CB-D703-4D28-81D0-C46870D1F0BF}.Debug|Any CPU.Build.0 = Debug|Any CPU
		{D4A061CB-D703-4D28-81D0-C46870D1F0BF}.Release|Any CPU.ActiveCfg = Release|Any CPU
		{D4A061CB-D703-4D28-81D0-C46870D1F0BF}.Release|Any CPU.Build.0 = Release|Any CPU
		{D38C98B2-AA06-4EAE-8CD8-7D03F1DA9C71}.Debug|Any CPU.ActiveCfg = Debug|Any CPU
		{D38C98B2-AA06-4EAE-8CD8-7D03F1DA9C71}.Debug|Any CPU.Build.0 = Debug|Any CPU
		{D38C98B2-AA06-4EAE-8CD8-7D03F1DA9C71}.Release|Any CPU.ActiveCfg = Release|Any CPU
		{D38C98B2-AA06-4EAE-8CD8-7D03F1DA9C71}.Release|Any CPU.Build.0 = Release|Any CPU
		{E6DCC965-1BA4-4024-A59F-78CF98AE7085}.Debug|Any CPU.ActiveCfg = Debug|Any CPU
		{E6DCC965-1BA4-4024-A59F-78CF98AE7085}.Debug|Any CPU.Build.0 = Debug|Any CPU
		{E6DCC965-1BA4-4024-A59F-78CF98AE7085}.Release|Any CPU.ActiveCfg = Release|Any CPU
		{E6DCC965-1BA4-4024-A59F-78CF98AE7085}.Release|Any CPU.Build.0 = Release|Any CPU
	EndGlobalSection
	GlobalSection(SolutionProperties) = preSolution
		HideSolutionNode = FALSE
	EndGlobalSection
	GlobalSection(ExtensibilityGlobals) = postSolution
		SolutionGuid = {0347D312-6E86-42AD-9C08-DE40DD91B127}
	EndGlobalSection
EndGlobal
