
Microsoft Visual Studio Solution File, Format Version 12.00
# Visual Studio Version 17
VisualStudioVersion = 17.0.31606.5
MinimumVisualStudioVersion = 10.0.40219.1
Project("{9A19103F-16F7-4668-BE54-9A1E7A4F7556}") = "NScan.Console", "NScan.Console\NScan.Console.csproj", "{E6DCC965-1BA4-4024-A59F-78CF98AE7085}"
EndProject
Project("{2150E333-8FDC-42A3-9474-1A3956D46DE8}") = "Solution Items", "Solution Items", "{59EAA725-B4EA-47B0-B749-DB013C66E989}"
	ProjectSection(SolutionItems) = preProject
		.editorconfig = .editorconfig
		..\azure-pipelines.yml = ..\azure-pipelines.yml
		..\build.cake = ..\build.cake
		..\nscan.config = ..\nscan.config
		..\NScan.nuspec = ..\NScan.nuspec
	EndProjectSection
EndProject
Project("{9A19103F-16F7-4668-BE54-9A1E7A4F7556}") = "Cake.NScan", "Cake.NScan\Cake.NScan.csproj", "{C6FA1FE6-CD67-4453-A532-FD4938F76919}"
EndProject
Project("{9A19103F-16F7-4668-BE54-9A1E7A4F7556}") = "Test.Project", "Test.Project\Test.Project.csproj", "{25C5697E-F9E5-4D30-BDC1-F3011AB5826D}"
EndProject
Project("{9A19103F-16F7-4668-BE54-9A1E7A4F7556}") = "NScanSpecification.Component", "NScanSpecification.Component\NScanSpecification.Component.csproj", "{E3C00F7C-6625-463E-8812-9334AA91785D}"
EndProject
Project("{9A19103F-16F7-4668-BE54-9A1E7A4F7556}") = "NScanSpecification.Lib", "NScanSpecification.Lib\NScanSpecification.Lib.csproj", "{38E5223C-B760-48B7-A40D-4E0DF941EE0F}"
EndProject
Project("{9A19103F-16F7-4668-BE54-9A1E7A4F7556}") = "NScanSpecification.E2E", "NScanSpecification.E2E\NScanSpecification.E2E.csproj", "{371B32D7-237B-42DF-B4A9-B8DE9BB3B977}"
EndProject
Project("{2150E333-8FDC-42A3-9474-1A3956D46DE8}") = "FrontEndAdapters", "FrontEndAdapters", "{D1CB90A1-5419-4CA0-A515-FCEDCEE125EE}"
EndProject
Project("{2150E333-8FDC-42A3-9474-1A3956D46DE8}") = "CoarseGrainedSpecification", "CoarseGrainedSpecification", "{B1F9EEC7-4423-4389-9112-9614B1085BC1}"
EndProject
Project("{9A19103F-16F7-4668-BE54-9A1E7A4F7556}") = "NScan.Lib", "NScan.Lib\NScan.Lib.csproj", "{B5326025-A0B8-4EAB-9E6C-9411A04B4D0D}"
EndProject
Project("{9A19103F-16F7-4668-BE54-9A1E7A4F7556}") = "NScan.SharedKernel", "NScan.SharedKernel\NScan.SharedKernel.csproj", "{65DE5C02-867D-40F4-B7E2-6EB7F43BB2E9}"
EndProject
Project("{9A19103F-16F7-4668-BE54-9A1E7A4F7556}") = "NScan.Main", "NScan.Main\NScan.Main.csproj", "{5B9AC079-58DA-488A-BFCE-0E26A18D5FEC}"
EndProject
Project("{2150E333-8FDC-42A3-9474-1A3956D46DE8}") = "SecondaryAdapters", "SecondaryAdapters", "{BDBC4BC3-7AEE-46EC-A14E-298CF5BDB975}"
EndProject
Project("{9A19103F-16F7-4668-BE54-9A1E7A4F7556}") = "NScan.NamespaceBasedRules", "NScan.Domain.NamespaceBasedRules\NScan.NamespaceBasedRules.csproj", "{EA349A48-E14F-4082-BC2E-CF00D4195D46}"
EndProject
Project("{9A19103F-16F7-4668-BE54-9A1E7A4F7556}") = "NScan.DependencyPathBasedRules", "NScan.Domain.DependencyPathBasedRules\NScan.DependencyPathBasedRules.csproj", "{FEE4E2FB-6EB5-4B83-8881-BE9E577B85B8}"
EndProject
Project("{9A19103F-16F7-4668-BE54-9A1E7A4F7556}") = "NScan.ProjectScopedRules", "NScan.Domain.ProjectScopedRules\NScan.ProjectScopedRules.csproj", "{EA7D76A5-CF12-427F-AEC9-A5188D64D2A1}"
EndProject
Project("{9A19103F-16F7-4668-BE54-9A1E7A4F7556}") = "NScan.ProjectScopedRulesSpecification", "NScan.ProjectScopedRulesSpecification\NScan.ProjectScopedRulesSpecification.csproj", "{2514C254-22F1-465F-A833-55E37C6120D0}"
EndProject
Project("{9A19103F-16F7-4668-BE54-9A1E7A4F7556}") = "NScan.Adapters.Secondary", "NScan.Adapters.Secondary\NScan.Adapters.Secondary.csproj", "{656AF1DC-1CB2-46BA-8363-AD7209D95CB0}"
EndProject
Project("{9A19103F-16F7-4668-BE54-9A1E7A4F7556}") = "NScan.Adapters.SecondarySpecification", "NScan.Adapters.SecondarySpecification\NScan.Adapters.SecondarySpecification.csproj", "{D5DB118F-70FA-48BE-982B-B6552E82B60C}"
EndProject
Project("{9A19103F-16F7-4668-BE54-9A1E7A4F7556}") = "NScan.DependencyPathBasedRulesSpecification", "NScan.DependencyPathBasedRulesSpecification\NScan.DependencyPathBasedRulesSpecification.csproj", "{C4955C7F-D9FD-4696-8D6A-40821363BFDA}"
EndProject
Project("{9A19103F-16F7-4668-BE54-9A1E7A4F7556}") = "NScan.LibSpecification", "NScan.LibSpecification\NScan.LibSpecification.csproj", "{1D21BC20-9F06-40A0-B79E-E059B5FB53E6}"
EndProject
Project("{9A19103F-16F7-4668-BE54-9A1E7A4F7556}") = "Build", "Build\Build.csproj", "{F4132AD9-EF24-4F60-9E88-7B9A1EF42800}"
EndProject
Project("{9A19103F-16F7-4668-BE54-9A1E7A4F7556}") = "NScan.NamespaceBasedRulesSpecification", "NScan.NamespaceBasedRulesSpecification\NScan.NamespaceBasedRulesSpecification.csproj", "{D8303673-3919-46DB-9CFB-3CE9DD880E37}"
EndProject
Project("{9A19103F-16F7-4668-BE54-9A1E7A4F7556}") = "NScan.MainSpecification", "NScan.MainSpecification\NScan.MainSpecification.csproj", "{3E1BF2FC-23CB-4EC4-9D90-E8414CF946FA}"
EndProject
Project("{FAE04EC0-301F-11D3-BF4B-00C04F79EFBC}") = "NScan.SharedKernelSpecification", "NScan.SharedKernelSpecification\NScan.SharedKernelSpecification.csproj", "{54ADFCDA-72D4-447B-ABA4-7F2BC063848A}"
EndProject
Global
	GlobalSection(SolutionConfigurationPlatforms) = preSolution
		Debug|Any CPU = Debug|Any CPU
		Release|Any CPU = Release|Any CPU
	EndGlobalSection
	GlobalSection(ProjectConfigurationPlatforms) = postSolution
		{E6DCC965-1BA4-4024-A59F-78CF98AE7085}.Debug|Any CPU.ActiveCfg = Debug|Any CPU
		{E6DCC965-1BA4-4024-A59F-78CF98AE7085}.Debug|Any CPU.Build.0 = Debug|Any CPU
		{E6DCC965-1BA4-4024-A59F-78CF98AE7085}.Release|Any CPU.ActiveCfg = Release|Any CPU
		{E6DCC965-1BA4-4024-A59F-78CF98AE7085}.Release|Any CPU.Build.0 = Release|Any CPU
		{C6FA1FE6-CD67-4453-A532-FD4938F76919}.Debug|Any CPU.ActiveCfg = Debug|Any CPU
		{C6FA1FE6-CD67-4453-A532-FD4938F76919}.Debug|Any CPU.Build.0 = Debug|Any CPU
		{C6FA1FE6-CD67-4453-A532-FD4938F76919}.Release|Any CPU.ActiveCfg = Release|Any CPU
		{C6FA1FE6-CD67-4453-A532-FD4938F76919}.Release|Any CPU.Build.0 = Release|Any CPU
		{25C5697E-F9E5-4D30-BDC1-F3011AB5826D}.Debug|Any CPU.ActiveCfg = Debug|Any CPU
		{25C5697E-F9E5-4D30-BDC1-F3011AB5826D}.Debug|Any CPU.Build.0 = Debug|Any CPU
		{25C5697E-F9E5-4D30-BDC1-F3011AB5826D}.Release|Any CPU.ActiveCfg = Release|Any CPU
		{25C5697E-F9E5-4D30-BDC1-F3011AB5826D}.Release|Any CPU.Build.0 = Release|Any CPU
		{E3C00F7C-6625-463E-8812-9334AA91785D}.Debug|Any CPU.ActiveCfg = Debug|Any CPU
		{E3C00F7C-6625-463E-8812-9334AA91785D}.Debug|Any CPU.Build.0 = Debug|Any CPU
		{E3C00F7C-6625-463E-8812-9334AA91785D}.Release|Any CPU.ActiveCfg = Release|Any CPU
		{E3C00F7C-6625-463E-8812-9334AA91785D}.Release|Any CPU.Build.0 = Release|Any CPU
		{38E5223C-B760-48B7-A40D-4E0DF941EE0F}.Debug|Any CPU.ActiveCfg = Debug|Any CPU
		{38E5223C-B760-48B7-A40D-4E0DF941EE0F}.Debug|Any CPU.Build.0 = Debug|Any CPU
		{38E5223C-B760-48B7-A40D-4E0DF941EE0F}.Release|Any CPU.ActiveCfg = Release|Any CPU
		{38E5223C-B760-48B7-A40D-4E0DF941EE0F}.Release|Any CPU.Build.0 = Release|Any CPU
		{371B32D7-237B-42DF-B4A9-B8DE9BB3B977}.Debug|Any CPU.ActiveCfg = Debug|Any CPU
		{371B32D7-237B-42DF-B4A9-B8DE9BB3B977}.Debug|Any CPU.Build.0 = Debug|Any CPU
		{371B32D7-237B-42DF-B4A9-B8DE9BB3B977}.Release|Any CPU.ActiveCfg = Release|Any CPU
		{371B32D7-237B-42DF-B4A9-B8DE9BB3B977}.Release|Any CPU.Build.0 = Release|Any CPU
		{B5326025-A0B8-4EAB-9E6C-9411A04B4D0D}.Debug|Any CPU.ActiveCfg = Debug|Any CPU
		{B5326025-A0B8-4EAB-9E6C-9411A04B4D0D}.Debug|Any CPU.Build.0 = Debug|Any CPU
		{B5326025-A0B8-4EAB-9E6C-9411A04B4D0D}.Release|Any CPU.ActiveCfg = Release|Any CPU
		{B5326025-A0B8-4EAB-9E6C-9411A04B4D0D}.Release|Any CPU.Build.0 = Release|Any CPU
		{65DE5C02-867D-40F4-B7E2-6EB7F43BB2E9}.Debug|Any CPU.ActiveCfg = Debug|Any CPU
		{65DE5C02-867D-40F4-B7E2-6EB7F43BB2E9}.Debug|Any CPU.Build.0 = Debug|Any CPU
		{65DE5C02-867D-40F4-B7E2-6EB7F43BB2E9}.Release|Any CPU.ActiveCfg = Release|Any CPU
		{65DE5C02-867D-40F4-B7E2-6EB7F43BB2E9}.Release|Any CPU.Build.0 = Release|Any CPU
		{5B9AC079-58DA-488A-BFCE-0E26A18D5FEC}.Debug|Any CPU.ActiveCfg = Debug|Any CPU
		{5B9AC079-58DA-488A-BFCE-0E26A18D5FEC}.Debug|Any CPU.Build.0 = Debug|Any CPU
		{5B9AC079-58DA-488A-BFCE-0E26A18D5FEC}.Release|Any CPU.ActiveCfg = Release|Any CPU
		{5B9AC079-58DA-488A-BFCE-0E26A18D5FEC}.Release|Any CPU.Build.0 = Release|Any CPU
		{EA349A48-E14F-4082-BC2E-CF00D4195D46}.Debug|Any CPU.ActiveCfg = Debug|Any CPU
		{EA349A48-E14F-4082-BC2E-CF00D4195D46}.Debug|Any CPU.Build.0 = Debug|Any CPU
		{EA349A48-E14F-4082-BC2E-CF00D4195D46}.Release|Any CPU.ActiveCfg = Release|Any CPU
		{EA349A48-E14F-4082-BC2E-CF00D4195D46}.Release|Any CPU.Build.0 = Release|Any CPU
		{FEE4E2FB-6EB5-4B83-8881-BE9E577B85B8}.Debug|Any CPU.ActiveCfg = Debug|Any CPU
		{FEE4E2FB-6EB5-4B83-8881-BE9E577B85B8}.Debug|Any CPU.Build.0 = Debug|Any CPU
		{FEE4E2FB-6EB5-4B83-8881-BE9E577B85B8}.Release|Any CPU.ActiveCfg = Release|Any CPU
		{FEE4E2FB-6EB5-4B83-8881-BE9E577B85B8}.Release|Any CPU.Build.0 = Release|Any CPU
		{EA7D76A5-CF12-427F-AEC9-A5188D64D2A1}.Debug|Any CPU.ActiveCfg = Debug|Any CPU
		{EA7D76A5-CF12-427F-AEC9-A5188D64D2A1}.Debug|Any CPU.Build.0 = Debug|Any CPU
		{EA7D76A5-CF12-427F-AEC9-A5188D64D2A1}.Release|Any CPU.ActiveCfg = Release|Any CPU
		{EA7D76A5-CF12-427F-AEC9-A5188D64D2A1}.Release|Any CPU.Build.0 = Release|Any CPU
		{2514C254-22F1-465F-A833-55E37C6120D0}.Debug|Any CPU.ActiveCfg = Debug|Any CPU
		{2514C254-22F1-465F-A833-55E37C6120D0}.Debug|Any CPU.Build.0 = Debug|Any CPU
		{2514C254-22F1-465F-A833-55E37C6120D0}.Release|Any CPU.ActiveCfg = Release|Any CPU
		{2514C254-22F1-465F-A833-55E37C6120D0}.Release|Any CPU.Build.0 = Release|Any CPU
		{656AF1DC-1CB2-46BA-8363-AD7209D95CB0}.Debug|Any CPU.ActiveCfg = Debug|Any CPU
		{656AF1DC-1CB2-46BA-8363-AD7209D95CB0}.Debug|Any CPU.Build.0 = Debug|Any CPU
		{656AF1DC-1CB2-46BA-8363-AD7209D95CB0}.Release|Any CPU.ActiveCfg = Release|Any CPU
		{656AF1DC-1CB2-46BA-8363-AD7209D95CB0}.Release|Any CPU.Build.0 = Release|Any CPU
		{D5DB118F-70FA-48BE-982B-B6552E82B60C}.Debug|Any CPU.ActiveCfg = Debug|Any CPU
		{D5DB118F-70FA-48BE-982B-B6552E82B60C}.Debug|Any CPU.Build.0 = Debug|Any CPU
		{D5DB118F-70FA-48BE-982B-B6552E82B60C}.Release|Any CPU.ActiveCfg = Release|Any CPU
		{D5DB118F-70FA-48BE-982B-B6552E82B60C}.Release|Any CPU.Build.0 = Release|Any CPU
		{C4955C7F-D9FD-4696-8D6A-40821363BFDA}.Debug|Any CPU.ActiveCfg = Debug|Any CPU
		{C4955C7F-D9FD-4696-8D6A-40821363BFDA}.Debug|Any CPU.Build.0 = Debug|Any CPU
		{C4955C7F-D9FD-4696-8D6A-40821363BFDA}.Release|Any CPU.ActiveCfg = Release|Any CPU
		{C4955C7F-D9FD-4696-8D6A-40821363BFDA}.Release|Any CPU.Build.0 = Release|Any CPU
		{1D21BC20-9F06-40A0-B79E-E059B5FB53E6}.Debug|Any CPU.ActiveCfg = Debug|Any CPU
		{1D21BC20-9F06-40A0-B79E-E059B5FB53E6}.Debug|Any CPU.Build.0 = Debug|Any CPU
		{1D21BC20-9F06-40A0-B79E-E059B5FB53E6}.Release|Any CPU.ActiveCfg = Release|Any CPU
		{1D21BC20-9F06-40A0-B79E-E059B5FB53E6}.Release|Any CPU.Build.0 = Release|Any CPU
		{F4132AD9-EF24-4F60-9E88-7B9A1EF42800}.Debug|Any CPU.ActiveCfg = Debug|Any CPU
		{F4132AD9-EF24-4F60-9E88-7B9A1EF42800}.Release|Any CPU.ActiveCfg = Release|Any CPU
		{D8303673-3919-46DB-9CFB-3CE9DD880E37}.Debug|Any CPU.ActiveCfg = Debug|Any CPU
		{D8303673-3919-46DB-9CFB-3CE9DD880E37}.Debug|Any CPU.Build.0 = Debug|Any CPU
		{D8303673-3919-46DB-9CFB-3CE9DD880E37}.Release|Any CPU.ActiveCfg = Release|Any CPU
		{D8303673-3919-46DB-9CFB-3CE9DD880E37}.Release|Any CPU.Build.0 = Release|Any CPU
		{3E1BF2FC-23CB-4EC4-9D90-E8414CF946FA}.Debug|Any CPU.ActiveCfg = Debug|Any CPU
		{3E1BF2FC-23CB-4EC4-9D90-E8414CF946FA}.Debug|Any CPU.Build.0 = Debug|Any CPU
		{3E1BF2FC-23CB-4EC4-9D90-E8414CF946FA}.Release|Any CPU.ActiveCfg = Release|Any CPU
		{3E1BF2FC-23CB-4EC4-9D90-E8414CF946FA}.Release|Any CPU.Build.0 = Release|Any CPU
		{54ADFCDA-72D4-447B-ABA4-7F2BC063848A}.Debug|Any CPU.ActiveCfg = Debug|Any CPU
		{54ADFCDA-72D4-447B-ABA4-7F2BC063848A}.Debug|Any CPU.Build.0 = Debug|Any CPU
		{54ADFCDA-72D4-447B-ABA4-7F2BC063848A}.Release|Any CPU.ActiveCfg = Release|Any CPU
		{54ADFCDA-72D4-447B-ABA4-7F2BC063848A}.Release|Any CPU.Build.0 = Release|Any CPU
	EndGlobalSection
	GlobalSection(SolutionProperties) = preSolution
		HideSolutionNode = FALSE
	EndGlobalSection
	GlobalSection(NestedProjects) = preSolution
		{E6DCC965-1BA4-4024-A59F-78CF98AE7085} = {D1CB90A1-5419-4CA0-A515-FCEDCEE125EE}
		{C6FA1FE6-CD67-4453-A532-FD4938F76919} = {D1CB90A1-5419-4CA0-A515-FCEDCEE125EE}
		{E3C00F7C-6625-463E-8812-9334AA91785D} = {B1F9EEC7-4423-4389-9112-9614B1085BC1}
		{38E5223C-B760-48B7-A40D-4E0DF941EE0F} = {B1F9EEC7-4423-4389-9112-9614B1085BC1}
		{371B32D7-237B-42DF-B4A9-B8DE9BB3B977} = {B1F9EEC7-4423-4389-9112-9614B1085BC1}
		{656AF1DC-1CB2-46BA-8363-AD7209D95CB0} = {BDBC4BC3-7AEE-46EC-A14E-298CF5BDB975}
		{D5DB118F-70FA-48BE-982B-B6552E82B60C} = {BDBC4BC3-7AEE-46EC-A14E-298CF5BDB975}
	EndGlobalSection
	GlobalSection(ExtensibilityGlobals) = postSolution
		SolutionGuid = {0347D312-6E86-42AD-9C08-DE40DD91B127}
	EndGlobalSection
EndGlobal
