
Microsoft Visual Studio Solution File, Format Version 12.00
# Visual Studio 15
VisualStudioVersion = 15.0.28010.2003
MinimumVisualStudioVersion = 10.0.40219.1
Project("{9A19103F-16F7-4668-BE54-9A1E7A4F7556}") = "NScan.Console", "NScan.Console\NScan.Console.csproj", "{E6DCC965-1BA4-4024-A59F-78CF98AE7085}"
EndProject
Project("{2150E333-8FDC-42A3-9474-1A3956D46DE8}") = "Solution Items", "Solution Items", "{59EAA725-B4EA-47B0-B749-DB013C66E989}"
	ProjectSection(SolutionItems) = preProject
		..\build.cake = ..\build.cake
		..\NScan.nuspec = ..\NScan.nuspec
	EndProjectSection
EndProject
Project("{9A19103F-16F7-4668-BE54-9A1E7A4F7556}") = "NScan", "NScan\NScan.csproj", "{6E919E4E-4510-48EF-9AC2-C7408B11EC01}"
EndProject
Project("{9A19103F-16F7-4668-BE54-9A1E7A4F7556}") = "NScanSpecification", "NScanSpecification\NScanSpecification.csproj", "{E75818E2-54E9-4F08-B0AA-E97CB2A80262}"
EndProject
Project("{9A19103F-16F7-4668-BE54-9A1E7A4F7556}") = "Cake.NScan", "Cake.NScan\Cake.NScan.csproj", "{C6FA1FE6-CD67-4453-A532-FD4938F76919}"
EndProject
Global
	GlobalSection(SolutionConfigurationPlatforms) = preSolution
		Debug|Any CPU = Debug|Any CPU
		Release|Any CPU = Release|Any CPU
	EndGlobalSection
	GlobalSection(ProjectConfigurationPlatforms) = postSolution
		{E6DCC965-1BA4-4024-A59F-78CF98AE7085}.Debug|Any CPU.ActiveCfg = Debug|Any CPU
		{E6DCC965-1BA4-4024-A59F-78CF98AE7085}.Debug|Any CPU.Build.0 = Debug|Any CPU
		{E6DCC965-1BA4-4024-A59F-78CF98AE7085}.Release|Any CPU.ActiveCfg = Release|Any CPU
		{E6DCC965-1BA4-4024-A59F-78CF98AE7085}.Release|Any CPU.Build.0 = Release|Any CPU
		{6E919E4E-4510-48EF-9AC2-C7408B11EC01}.Debug|Any CPU.ActiveCfg = Debug|Any CPU
		{6E919E4E-4510-48EF-9AC2-C7408B11EC01}.Debug|Any CPU.Build.0 = Debug|Any CPU
		{6E919E4E-4510-48EF-9AC2-C7408B11EC01}.Release|Any CPU.ActiveCfg = Release|Any CPU
		{6E919E4E-4510-48EF-9AC2-C7408B11EC01}.Release|Any CPU.Build.0 = Release|Any CPU
		{E75818E2-54E9-4F08-B0AA-E97CB2A80262}.Debug|Any CPU.ActiveCfg = Debug|Any CPU
		{E75818E2-54E9-4F08-B0AA-E97CB2A80262}.Debug|Any CPU.Build.0 = Debug|Any CPU
		{E75818E2-54E9-4F08-B0AA-E97CB2A80262}.Release|Any CPU.ActiveCfg = Release|Any CPU
		{E75818E2-54E9-4F08-B0AA-E97CB2A80262}.Release|Any CPU.Build.0 = Release|Any CPU
		{C6FA1FE6-CD67-4453-A532-FD4938F76919}.Debug|Any CPU.ActiveCfg = Debug|Any CPU
		{C6FA1FE6-CD67-4453-A532-FD4938F76919}.Debug|Any CPU.Build.0 = Debug|Any CPU
		{C6FA1FE6-CD67-4453-A532-FD4938F76919}.Release|Any CPU.ActiveCfg = Release|Any CPU
		{C6FA1FE6-CD67-4453-A532-FD4938F76919}.Release|Any CPU.Build.0 = Release|Any CPU
	EndGlobalSection
	GlobalSection(SolutionProperties) = preSolution
		HideSolutionNode = FALSE
	EndGlobalSection
	GlobalSection(ExtensibilityGlobals) = postSolution
		SolutionGuid = {0347D312-6E86-42AD-9C08-DE40DD91B127}
	EndGlobalSection
EndGlobal
